
Microsoft Visual Studio Solution File, Format Version 12.00
# Visual Studio 2012
Project("{FAE04EC0-301F-11D3-BF4B-00C04F79EFBC}") = "UmbCacheDependencies", "UmbCacheDependencies\UmbCacheDependencies.csproj", "{78F96DD8-9A7C-46EB-B4D6-0489A55C7647}"
EndProject
Project("{2150E333-8FDC-42A3-9474-1A3956D46DE8}") = ".nuget", ".nuget", "{96877780-52B6-4EB7-BEBB-9F0B3A80E949}"
	ProjectSection(SolutionItems) = preProject
		.nuget\NuGet.Config = .nuget\NuGet.Config
		.nuget\NuGet.exe = .nuget\NuGet.exe
		.nuget\NuGet.targets = .nuget\NuGet.targets
	EndProjectSection
EndProject
Global
	GlobalSection(SolutionConfigurationPlatforms) = preSolution
		Debug|Any CPU = Debug|Any CPU
		Release|Any CPU = Release|Any CPU
	EndGlobalSection
	GlobalSection(ProjectConfigurationPlatforms) = postSolution
		{78F96DD8-9A7C-46EB-B4D6-0489A55C7647}.Debug|Any CPU.ActiveCfg = Debug|Any CPU
		{78F96DD8-9A7C-46EB-B4D6-0489A55C7647}.Debug|Any CPU.Build.0 = Debug|Any CPU
		{78F96DD8-9A7C-46EB-B4D6-0489A55C7647}.Release|Any CPU.ActiveCfg = Release|Any CPU
		{78F96DD8-9A7C-46EB-B4D6-0489A55C7647}.Release|Any CPU.Build.0 = Release|Any CPU
	EndGlobalSection
	GlobalSection(SolutionProperties) = preSolution
		HideSolutionNode = FALSE
	EndGlobalSection
EndGlobal
